
Microsoft Visual Studio Solution File, Format Version 12.00
# Visual Studio Version 17
VisualStudioVersion = 17.14.36915.13 d17.14
MinimumVisualStudioVersion = 10.0.40219.1
Project("{FAE04EC0-301F-11D3-BF4B-00C04F79EFBC}") = "backend-todo", "backend-todo.csproj", "{5EBD7ADA-7C98-4156-B160-6D444F0F261C}"
EndProject
Global
	GlobalSection(SolutionConfigurationPlatforms) = preSolution
		Debug|Any CPU = Debug|Any CPU
		Release|Any CPU = Release|Any CPU
	EndGlobalSection
	GlobalSection(ProjectConfigurationPlatforms) = postSolution
		{5EBD7ADA-7C98-4156-B160-6D444F0F261C}.Debug|Any CPU.ActiveCfg = Debug|Any CPU
		{5EBD7ADA-7C98-4156-B160-6D444F0F261C}.Debug|Any CPU.Build.0 = Debug|Any CPU
		{5EBD7ADA-7C98-4156-B160-6D444F0F261C}.Release|Any CPU.ActiveCfg = Release|Any CPU
		{5EBD7ADA-7C98-4156-B160-6D444F0F261C}.Release|Any CPU.Build.0 = Release|Any CPU
	EndGlobalSection
	GlobalSection(SolutionProperties) = preSolution
		HideSolutionNode = FALSE
	EndGlobalSection
	GlobalSection(ExtensibilityGlobals) = postSolution
		SolutionGuid = {B29C59B0-476B-4649-A858-B6820A7FB0BA}
	EndGlobalSection
EndGlobal
